{
  "requires": true,
  "lockfileVersion": 1,
  "dependencies": {
    "@ant-design/colors": {
      "version": "5.1.1",
      "resolved": "https://registry.npm.taobao.org/@ant-design/colors/download/@ant-design/colors-5.1.1.tgz",
      "integrity": "sha1-gAshhrHifmZDLmfQPtlq8+IdiUA=",
      "requires": {
        "@ctrl/tinycolor": "^3.3.1"
      }
    },
    "@ant-design/icons-svg": {
      "version": "4.1.0",
      "resolved": "https://registry.npm.taobao.org/@ant-design/icons-svg/download/@ant-design/icons-svg-4.1.0.tgz",
      "integrity": "sha1-SAsCX0sg73/o9H1KSEbk/uhOoGw="
    },
    "@ant-design/icons-vue": {
      "version": "6.0.1",
      "resolved": "https://registry.npm.taobao.org/@ant-design/icons-vue/download/@ant-design/icons-vue-6.0.1.tgz?cache=0&sync_timestamp=1611990511152&other_urls=https%3A%2F%2Fregistry.npm.taobao.org%2F%40ant-design%2Ficons-vue%2Fdownload%2F%40ant-design%2Ficons-vue-6.0.1.tgz",
      "integrity": "sha1-nYBMPHTSz6+XyxjlgtO5QAk09f0=",
      "requires": {
        "@ant-design/colors": "^5.0.0",
        "@ant-design/icons-svg": "^4.0.0",
        "@types/lodash": "^4.14.165",
        "lodash": "^4.17.15"
      }
    },
    "@ctrl/tinycolor": {
      "version": "3.4.0",
      "resolved": "https://registry.npm.taobao.org/@ctrl/tinycolor/download/@ctrl/tinycolor-3.4.0.tgz",
      "integrity": "sha1-w8WuVDyJfKqcKmhjC+01W+X5mQ8="
    },
    "@types/lodash": {
      "version": "4.14.168",
      "resolved": "https://registry.npm.taobao.org/@types/lodash/download/@types/lodash-4.14.168.tgz?cache=0&sync_timestamp=1613379246862&other_urls=https%3A%2F%2Fregistry.npm.taobao.org%2F%40types%2Flodash%2Fdownload%2F%40types%2Flodash-4.14.168.tgz",
      "integrity": "sha1-/iRjLnm3rePxMoka//hsql5c4Ag="
    },
    "lodash": {
      "version": "4.17.21",
      "resolved": "https://registry.npm.taobao.org/lodash/download/lodash-4.17.21.tgz?cache=0&sync_timestamp=1613835860585&other_urls=https%3A%2F%2Fregistry.npm.taobao.org%2Flodash%2Fdownload%2Flodash-4.17.21.tgz",
      "integrity": "sha1-Z5WRxWTDv/quhFTPCz3zcMPWkRw="
    }
  }
}
